
Microsoft Visual Studio Solution File, Format Version 12.00
# Visual Studio Version 16
VisualStudioVersion = 16.0.31424.327
MinimumVisualStudioVersion = 10.0.40219.1
Project("{8BC9CEB8-8B4A-11D0-8D11-00A0C91BC942}") = "Operator", "Operator\Operator.vcxproj", "{F25EF1C0-CD94-40A0-A6F9-4A6EF25D26E1}"
EndProject
Global
	GlobalSection(SolutionConfigurationPlatforms) = preSolution
		Debug|x64 = Debug|x64
		Debug|x86 = Debug|x86
		Release|x64 = Release|x64
		Release|x86 = Release|x86
	EndGlobalSection
	GlobalSection(ProjectConfigurationPlatforms) = postSolution
		{F25EF1C0-CD94-40A0-A6F9-4A6EF25D26E1}.Debug|x64.ActiveCfg = Debug|x64
		{F25EF1C0-CD94-40A0-A6F9-4A6EF25D26E1}.Debug|x64.Build.0 = Debug|x64
		{F25EF1C0-CD94-40A0-A6F9-4A6EF25D26E1}.Debug|x86.ActiveCfg = Debug|Win32
		{F25EF1C0-CD94-40A0-A6F9-4A6EF25D26E1}.Debug|x86.Build.0 = Debug|Win32
		{F25EF1C0-CD94-40A0-A6F9-4A6EF25D26E1}.Release|x64.ActiveCfg = Release|x64
		{F25EF1C0-CD94-40A0-A6F9-4A6EF25D26E1}.Release|x64.Build.0 = Release|x64
		{F25EF1C0-CD94-40A0-A6F9-4A6EF25D26E1}.Release|x86.ActiveCfg = Release|Win32
		{F25EF1C0-CD94-40A0-A6F9-4A6EF25D26E1}.Release|x86.Build.0 = Release|Win32
	EndGlobalSection
	GlobalSection(SolutionProperties) = preSolution
		HideSolutionNode = FALSE
	EndGlobalSection
	GlobalSection(ExtensibilityGlobals) = postSolution
		SolutionGuid = {3D59F547-B346-4606-92A5-A544DC150AB7}
	EndGlobalSection
EndGlobal
