
Microsoft Visual Studio Solution File, Format Version 12.00
# Visual Studio Version 16
VisualStudioVersion = 16.0.31205.134
MinimumVisualStudioVersion = 10.0.40219.1
Project("{8BC9CEB8-8B4A-11D0-8D11-00A0C91BC942}") = "HelloWorld", "HelloWorld\HelloWorld.vcxproj", "{C254E9BA-094D-4817-99ED-0A2332629861}"
EndProject
Global
	GlobalSection(SolutionConfigurationPlatforms) = preSolution
		Debug|x64 = Debug|x64
		Debug|x86 = Debug|x86
		Release|x64 = Release|x64
		Release|x86 = Release|x86
	EndGlobalSection
	GlobalSection(ProjectConfigurationPlatforms) = postSolution
		{C254E9BA-094D-4817-99ED-0A2332629861}.Debug|x64.ActiveCfg = Debug|x64
		{C254E9BA-094D-4817-99ED-0A2332629861}.Debug|x64.Build.0 = Debug|x64
		{C254E9BA-094D-4817-99ED-0A2332629861}.Debug|x86.ActiveCfg = Debug|Win32
		{C254E9BA-094D-4817-99ED-0A2332629861}.Debug|x86.Build.0 = Debug|Win32
		{C254E9BA-094D-4817-99ED-0A2332629861}.Release|x64.ActiveCfg = Release|x64
		{C254E9BA-094D-4817-99ED-0A2332629861}.Release|x64.Build.0 = Release|x64
		{C254E9BA-094D-4817-99ED-0A2332629861}.Release|x86.ActiveCfg = Release|Win32
		{C254E9BA-094D-4817-99ED-0A2332629861}.Release|x86.Build.0 = Release|Win32
	EndGlobalSection
	GlobalSection(SolutionProperties) = preSolution
		HideSolutionNode = FALSE
	EndGlobalSection
	GlobalSection(ExtensibilityGlobals) = postSolution
		SolutionGuid = {BA6E1245-E628-4825-A47B-0E4E1A89C1B3}
	EndGlobalSection
EndGlobal
